
Microsoft Visual Studio Solution File, Format Version 12.00
# Visual Studio Version 17
VisualStudioVersion = 17.3.32819.101
MinimumVisualStudioVersion = 10.0.40219.1
Project("{2150E333-8FDC-42A3-9474-1A3956D46DE8}") = "scrapper", "scrapper", "{DBF74239-BCC8-4415-A952-BAC341BAF4D9}"
EndProject
Project("{9A19103F-16F7-4668-BE54-9A1E7A4F7556}") = "TicketAlarm.Scrapper.Show", "TicketAlarm.Scrapper\TicketAlarm.Scrapper.Show.csproj", "{6850FEFB-A171-455F-ADAA-764572F3DA9A}"
EndProject
Project("{2150E333-8FDC-42A3-9474-1A3956D46DE8}") = "API", "API", "{85084AE0-534F-4CA1-A686-9AFB52C66E18}"
EndProject
Project("{2150E333-8FDC-42A3-9474-1A3956D46DE8}") = "Core", "Core", "{F4FFFA06-8B4B-4D1E-B7DA-A6D11DD27051}"
EndProject
Project("{2150E333-8FDC-42A3-9474-1A3956D46DE8}") = "Infrastrucure", "Infrastrucure", "{DE63D040-A5EB-4D8A-9CEC-E37A2A1CB253}"
EndProject
Project("{2150E333-8FDC-42A3-9474-1A3956D46DE8}") = "UI", "UI", "{B6201527-3F58-432D-A513-473D546A3AB9}"
EndProject
Project("{2150E333-8FDC-42A3-9474-1A3956D46DE8}") = "src", "src", "{0D59BFB2-E748-4BE4-B687-C3DFCCAD38F7}"
EndProject
Project("{9A19103F-16F7-4668-BE54-9A1E7A4F7556}") = "TicketAlarm.Domain", "TicketAlarm.Domain\TicketAlarm.Domain.csproj", "{5FDAFDE0-6100-4DD0-A110-A465AAE6ABDB}"
EndProject
Project("{9A19103F-16F7-4668-BE54-9A1E7A4F7556}") = "TicketAlarm.Application", "TicketAlarm.Application\TicketAlarm.Application.csproj", "{300BA00C-27C3-4FDD-8A10-EAAB8956CDA7}"
EndProject
Project("{9A19103F-16F7-4668-BE54-9A1E7A4F7556}") = "TicketAlarm.Persistence", "TicketAlarm.Persistence\TicketAlarm.Persistence.csproj", "{2C2D1C3B-993C-4CFB-91A9-F818FE716495}"
EndProject
Project("{9A19103F-16F7-4668-BE54-9A1E7A4F7556}") = "TicketAlarm.Infrastructure", "TicketAlarm.Infrastructure\TicketAlarm.Infrastructure.csproj", "{CED0B887-009A-4355-8298-CD24235299A7}"
EndProject
Project("{9A19103F-16F7-4668-BE54-9A1E7A4F7556}") = "TicketAlarm.API", "TicketAlarm.API\TicketAlarm.API.csproj", "{C5767A38-C6D3-49E0-8B5B-760DD49422C8}"
EndProject
Project("{2150E333-8FDC-42A3-9474-1A3956D46DE8}") = "general", "general", "{15A5DCBD-5DE1-43D9-B87F-99BBE96C5DC3}"
	ProjectSection(SolutionItems) = preProject
		API.Dockerfile = API.Dockerfile
		docker-compose.yml = docker-compose.yml
	EndProjectSection
EndProject
Project("{2150E333-8FDC-42A3-9474-1A3956D46DE8}") = "test", "test", "{0C66D0A0-6563-474D-87A4-68A79E355CCB}"
EndProject
Project("{9A19103F-16F7-4668-BE54-9A1E7A4F7556}") = "TicketAlarm.Application.UnitTests", "TicketAlarm.Application.UnitTests\TicketAlarm.Application.UnitTests.csproj", "{C0859C83-7C2F-48A9-9A7D-9E98E039C229}"
EndProject
Project("{9A19103F-16F7-4668-BE54-9A1E7A4F7556}") = "TicketAlarm.Scrapper.Availability", "TicketAlarm.Scrapper.Availability\TicketAlarm.Scrapper.Availability.csproj", "{BD235E67-EE20-42A5-904F-B3916EE03D33}"
EndProject
Project("{9A19103F-16F7-4668-BE54-9A1E7A4F7556}") = "TicketAlarm.Scrapper.Library", "TicketAlarm.Scrapper.Library\TicketAlarm.Scrapper.Library.csproj", "{75E6E3AE-A754-4542-8ED6-07373291B71C}"
EndProject
Project("{2150E333-8FDC-42A3-9474-1A3956D46DE8}") = "rabbitmq", "rabbitmq", "{404B03A4-5D61-469D-8341-B50A254A61E1}"
EndProject
Project("{9A19103F-16F7-4668-BE54-9A1E7A4F7556}") = "TicketAlarm.RabbitMq.Listener", "TicketAlarm.RabbitMq.Listener\TicketAlarm.RabbitMq.Listener.csproj", "{C66D8F7F-E780-425D-8106-F03A7F0591E5}"
EndProject
Project("{9A19103F-16F7-4668-BE54-9A1E7A4F7556}") = "TicketAlarm.API.IntegrationTests", "TicketAlarm.API.IntegrationTests\TicketAlarm.API.IntegrationTests.csproj", "{5FDBDB21-A84B-4EF8-AB7B-66848ABCAD42}"
EndProject
Project("{9A19103F-16F7-4668-BE54-9A1E7A4F7556}") = "Org.OpenAPITools", "ClientCsharp\src\Org.OpenAPITools\Org.OpenAPITools.csproj", "{D8D526B4-F554-44E9-AC7F-891B2EAC57BF}"
EndProject
Global
	GlobalSection(SolutionConfigurationPlatforms) = preSolution
		Debug|Any CPU = Debug|Any CPU
		Release|Any CPU = Release|Any CPU
	EndGlobalSection
	GlobalSection(ProjectConfigurationPlatforms) = postSolution
		{6850FEFB-A171-455F-ADAA-764572F3DA9A}.Debug|Any CPU.ActiveCfg = Debug|Any CPU
		{6850FEFB-A171-455F-ADAA-764572F3DA9A}.Debug|Any CPU.Build.0 = Debug|Any CPU
		{6850FEFB-A171-455F-ADAA-764572F3DA9A}.Release|Any CPU.ActiveCfg = Release|Any CPU
		{6850FEFB-A171-455F-ADAA-764572F3DA9A}.Release|Any CPU.Build.0 = Release|Any CPU
		{5FDAFDE0-6100-4DD0-A110-A465AAE6ABDB}.Debug|Any CPU.ActiveCfg = Debug|Any CPU
		{5FDAFDE0-6100-4DD0-A110-A465AAE6ABDB}.Debug|Any CPU.Build.0 = Debug|Any CPU
		{5FDAFDE0-6100-4DD0-A110-A465AAE6ABDB}.Release|Any CPU.ActiveCfg = Release|Any CPU
		{5FDAFDE0-6100-4DD0-A110-A465AAE6ABDB}.Release|Any CPU.Build.0 = Release|Any CPU
		{300BA00C-27C3-4FDD-8A10-EAAB8956CDA7}.Debug|Any CPU.ActiveCfg = Debug|Any CPU
		{300BA00C-27C3-4FDD-8A10-EAAB8956CDA7}.Debug|Any CPU.Build.0 = Debug|Any CPU
		{300BA00C-27C3-4FDD-8A10-EAAB8956CDA7}.Release|Any CPU.ActiveCfg = Release|Any CPU
		{300BA00C-27C3-4FDD-8A10-EAAB8956CDA7}.Release|Any CPU.Build.0 = Release|Any CPU
		{2C2D1C3B-993C-4CFB-91A9-F818FE716495}.Debug|Any CPU.ActiveCfg = Debug|Any CPU
		{2C2D1C3B-993C-4CFB-91A9-F818FE716495}.Debug|Any CPU.Build.0 = Debug|Any CPU
		{2C2D1C3B-993C-4CFB-91A9-F818FE716495}.Release|Any CPU.ActiveCfg = Release|Any CPU
		{2C2D1C3B-993C-4CFB-91A9-F818FE716495}.Release|Any CPU.Build.0 = Release|Any CPU
		{CED0B887-009A-4355-8298-CD24235299A7}.Debug|Any CPU.ActiveCfg = Debug|Any CPU
		{CED0B887-009A-4355-8298-CD24235299A7}.Debug|Any CPU.Build.0 = Debug|Any CPU
		{CED0B887-009A-4355-8298-CD24235299A7}.Release|Any CPU.ActiveCfg = Release|Any CPU
		{CED0B887-009A-4355-8298-CD24235299A7}.Release|Any CPU.Build.0 = Release|Any CPU
		{C5767A38-C6D3-49E0-8B5B-760DD49422C8}.Debug|Any CPU.ActiveCfg = Debug|Any CPU
		{C5767A38-C6D3-49E0-8B5B-760DD49422C8}.Debug|Any CPU.Build.0 = Debug|Any CPU
		{C5767A38-C6D3-49E0-8B5B-760DD49422C8}.Release|Any CPU.ActiveCfg = Release|Any CPU
		{C5767A38-C6D3-49E0-8B5B-760DD49422C8}.Release|Any CPU.Build.0 = Release|Any CPU
		{C0859C83-7C2F-48A9-9A7D-9E98E039C229}.Debug|Any CPU.ActiveCfg = Debug|Any CPU
		{C0859C83-7C2F-48A9-9A7D-9E98E039C229}.Debug|Any CPU.Build.0 = Debug|Any CPU
		{C0859C83-7C2F-48A9-9A7D-9E98E039C229}.Release|Any CPU.ActiveCfg = Release|Any CPU
		{C0859C83-7C2F-48A9-9A7D-9E98E039C229}.Release|Any CPU.Build.0 = Release|Any CPU
		{BD235E67-EE20-42A5-904F-B3916EE03D33}.Debug|Any CPU.ActiveCfg = Debug|Any CPU
		{BD235E67-EE20-42A5-904F-B3916EE03D33}.Debug|Any CPU.Build.0 = Debug|Any CPU
		{BD235E67-EE20-42A5-904F-B3916EE03D33}.Release|Any CPU.ActiveCfg = Release|Any CPU
		{BD235E67-EE20-42A5-904F-B3916EE03D33}.Release|Any CPU.Build.0 = Release|Any CPU
		{75E6E3AE-A754-4542-8ED6-07373291B71C}.Debug|Any CPU.ActiveCfg = Debug|Any CPU
		{75E6E3AE-A754-4542-8ED6-07373291B71C}.Debug|Any CPU.Build.0 = Debug|Any CPU
		{75E6E3AE-A754-4542-8ED6-07373291B71C}.Release|Any CPU.ActiveCfg = Release|Any CPU
		{75E6E3AE-A754-4542-8ED6-07373291B71C}.Release|Any CPU.Build.0 = Release|Any CPU
		{C66D8F7F-E780-425D-8106-F03A7F0591E5}.Debug|Any CPU.ActiveCfg = Debug|Any CPU
		{C66D8F7F-E780-425D-8106-F03A7F0591E5}.Debug|Any CPU.Build.0 = Debug|Any CPU
		{C66D8F7F-E780-425D-8106-F03A7F0591E5}.Release|Any CPU.ActiveCfg = Release|Any CPU
		{C66D8F7F-E780-425D-8106-F03A7F0591E5}.Release|Any CPU.Build.0 = Release|Any CPU
		{5FDBDB21-A84B-4EF8-AB7B-66848ABCAD42}.Debug|Any CPU.ActiveCfg = Debug|Any CPU
		{5FDBDB21-A84B-4EF8-AB7B-66848ABCAD42}.Debug|Any CPU.Build.0 = Debug|Any CPU
		{5FDBDB21-A84B-4EF8-AB7B-66848ABCAD42}.Release|Any CPU.ActiveCfg = Release|Any CPU
		{5FDBDB21-A84B-4EF8-AB7B-66848ABCAD42}.Release|Any CPU.Build.0 = Release|Any CPU
		{D8D526B4-F554-44E9-AC7F-891B2EAC57BF}.Debug|Any CPU.ActiveCfg = Debug|Any CPU
		{D8D526B4-F554-44E9-AC7F-891B2EAC57BF}.Debug|Any CPU.Build.0 = Debug|Any CPU
		{D8D526B4-F554-44E9-AC7F-891B2EAC57BF}.Release|Any CPU.ActiveCfg = Release|Any CPU
		{D8D526B4-F554-44E9-AC7F-891B2EAC57BF}.Release|Any CPU.Build.0 = Release|Any CPU
	EndGlobalSection
	GlobalSection(SolutionProperties) = preSolution
		HideSolutionNode = FALSE
	EndGlobalSection
	GlobalSection(NestedProjects) = preSolution
		{6850FEFB-A171-455F-ADAA-764572F3DA9A} = {DBF74239-BCC8-4415-A952-BAC341BAF4D9}
		{85084AE0-534F-4CA1-A686-9AFB52C66E18} = {0D59BFB2-E748-4BE4-B687-C3DFCCAD38F7}
		{F4FFFA06-8B4B-4D1E-B7DA-A6D11DD27051} = {0D59BFB2-E748-4BE4-B687-C3DFCCAD38F7}
		{DE63D040-A5EB-4D8A-9CEC-E37A2A1CB253} = {0D59BFB2-E748-4BE4-B687-C3DFCCAD38F7}
		{B6201527-3F58-432D-A513-473D546A3AB9} = {0D59BFB2-E748-4BE4-B687-C3DFCCAD38F7}
		{5FDAFDE0-6100-4DD0-A110-A465AAE6ABDB} = {F4FFFA06-8B4B-4D1E-B7DA-A6D11DD27051}
		{300BA00C-27C3-4FDD-8A10-EAAB8956CDA7} = {F4FFFA06-8B4B-4D1E-B7DA-A6D11DD27051}
		{2C2D1C3B-993C-4CFB-91A9-F818FE716495} = {DE63D040-A5EB-4D8A-9CEC-E37A2A1CB253}
		{CED0B887-009A-4355-8298-CD24235299A7} = {DE63D040-A5EB-4D8A-9CEC-E37A2A1CB253}
		{C5767A38-C6D3-49E0-8B5B-760DD49422C8} = {85084AE0-534F-4CA1-A686-9AFB52C66E18}
		{C0859C83-7C2F-48A9-9A7D-9E98E039C229} = {0C66D0A0-6563-474D-87A4-68A79E355CCB}
		{BD235E67-EE20-42A5-904F-B3916EE03D33} = {DBF74239-BCC8-4415-A952-BAC341BAF4D9}
		{75E6E3AE-A754-4542-8ED6-07373291B71C} = {DBF74239-BCC8-4415-A952-BAC341BAF4D9}
		{C66D8F7F-E780-425D-8106-F03A7F0591E5} = {404B03A4-5D61-469D-8341-B50A254A61E1}
		{5FDBDB21-A84B-4EF8-AB7B-66848ABCAD42} = {0C66D0A0-6563-474D-87A4-68A79E355CCB}
		{D8D526B4-F554-44E9-AC7F-891B2EAC57BF} = {15A5DCBD-5DE1-43D9-B87F-99BBE96C5DC3}
	EndGlobalSection
	GlobalSection(ExtensibilityGlobals) = postSolution
		SolutionGuid = {42FD30E6-C896-4555-85DC-B2449CEF6C96}
	EndGlobalSection
EndGlobal
